
Microsoft Visual Studio Solution File, Format Version 12.00
# Visual Studio Version 16
VisualStudioVersion = 16.0.32929.386
MinimumVisualStudioVersion = 10.0.40219.1
Project("{FAE04EC0-301F-11D3-BF4B-00C04F79EFBC}") = "MainUI", "MainUI.csproj", "{996FB13B-7939-493C-9B89-5C3766BC737C}"
EndProject
Project("{FAE04EC0-301F-11D3-BF4B-00C04F79EFBC}") = "Solver", "..\..\Solver\Solver.csproj", "{FFE8435A-B2F0-4AA2-8DDE-C0427EDF9693}"
EndProject
Global
	GlobalSection(SolutionConfigurationPlatforms) = preSolution
		Debug|Any CPU = Debug|Any CPU
		Release|Any CPU = Release|Any CPU
	EndGlobalSection
	GlobalSection(ProjectConfigurationPlatforms) = postSolution
		{996FB13B-7939-493C-9B89-5C3766BC737C}.Debug|Any CPU.ActiveCfg = Debug|Any CPU
		{996FB13B-7939-493C-9B89-5C3766BC737C}.Debug|Any CPU.Build.0 = Debug|Any CPU
		{996FB13B-7939-493C-9B89-5C3766BC737C}.Release|Any CPU.ActiveCfg = Release|Any CPU
		{996FB13B-7939-493C-9B89-5C3766BC737C}.Release|Any CPU.Build.0 = Release|Any CPU
		{FFE8435A-B2F0-4AA2-8DDE-C0427EDF9693}.Debug|Any CPU.ActiveCfg = Debug|Any CPU
		{FFE8435A-B2F0-4AA2-8DDE-C0427EDF9693}.Debug|Any CPU.Build.0 = Debug|Any CPU
		{FFE8435A-B2F0-4AA2-8DDE-C0427EDF9693}.Release|Any CPU.ActiveCfg = Release|Any CPU
		{FFE8435A-B2F0-4AA2-8DDE-C0427EDF9693}.Release|Any CPU.Build.0 = Release|Any CPU
	EndGlobalSection
	GlobalSection(SolutionProperties) = preSolution
		HideSolutionNode = FALSE
	EndGlobalSection
	GlobalSection(ExtensibilityGlobals) = postSolution
		SolutionGuid = {CE728E9B-0DA2-4B7A-A9E4-05D2638CA993}
	EndGlobalSection
EndGlobal
